
Microsoft Visual Studio Solution File, Format Version 12.00
# Visual Studio Version 17
VisualStudioVersion = 17.2.32630.192
MinimumVisualStudioVersion = 10.0.40219.1
Project("{FAE04EC0-301F-11D3-BF4B-00C04F79EFBC}") = "day3", "day3.csproj", "{36C230D7-D4CD-44C1-8006-72B773440EEC}"
EndProject
Global
	GlobalSection(SolutionConfigurationPlatforms) = preSolution
		Debug|Any CPU = Debug|Any CPU
		Release|Any CPU = Release|Any CPU
	EndGlobalSection
	GlobalSection(ProjectConfigurationPlatforms) = postSolution
		{36C230D7-D4CD-44C1-8006-72B773440EEC}.Debug|Any CPU.ActiveCfg = Debug|Any CPU
		{36C230D7-D4CD-44C1-8006-72B773440EEC}.Debug|Any CPU.Build.0 = Debug|Any CPU
		{36C230D7-D4CD-44C1-8006-72B773440EEC}.Release|Any CPU.ActiveCfg = Release|Any CPU
		{36C230D7-D4CD-44C1-8006-72B773440EEC}.Release|Any CPU.Build.0 = Release|Any CPU
	EndGlobalSection
	GlobalSection(SolutionProperties) = preSolution
		HideSolutionNode = FALSE
	EndGlobalSection
	GlobalSection(ExtensibilityGlobals) = postSolution
		SolutionGuid = {DA3E7930-25C6-442F-918C-8DA0F74F97C7}
	EndGlobalSection
EndGlobal
